
Microsoft Visual Studio Solution File, Format Version 12.00
# Visual Studio Version 16
VisualStudioVersion = 16.0.32630.194
MinimumVisualStudioVersion = 10.0.40219.1
Project("{FAE04EC0-301F-11D3-BF4B-00C04F79EFBC}") = "RedTeamDev", "RedTeamDev\RedTeamDev.csproj", "{2B42722E-2965-4641-A687-7FC4B47FF9A7}"
EndProject
Global
	GlobalSection(SolutionConfigurationPlatforms) = preSolution
		Debug|Any CPU = Debug|Any CPU
		Release|Any CPU = Release|Any CPU
	EndGlobalSection
	GlobalSection(ProjectConfigurationPlatforms) = postSolution
		{2B42722E-2965-4641-A687-7FC4B47FF9A7}.Debug|Any CPU.ActiveCfg = Debug|Any CPU
		{2B42722E-2965-4641-A687-7FC4B47FF9A7}.Debug|Any CPU.Build.0 = Debug|Any CPU
		{2B42722E-2965-4641-A687-7FC4B47FF9A7}.Release|Any CPU.ActiveCfg = Release|Any CPU
		{2B42722E-2965-4641-A687-7FC4B47FF9A7}.Release|Any CPU.Build.0 = Release|Any CPU
	EndGlobalSection
	GlobalSection(SolutionProperties) = preSolution
		HideSolutionNode = FALSE
	EndGlobalSection
	GlobalSection(ExtensibilityGlobals) = postSolution
		SolutionGuid = {524BBDE2-BEA2-4907-9D49-62DE846BDAA7}
	EndGlobalSection
EndGlobal
